// !$*UTF8*$!
{
	archiveVersion = 1;
	classes = {
	};
	objectVersion = 46;
	objects = {

/* Begin PBXBuildFile section */
		4031A188196B475B000ACB81 /* main.m in Sources */ = {isa = PBXBuildFile; fileRef = 4031A187196B475B000ACB81 /* main.m */; };
		4031A18B196B475B000ACB81 /* AppDelegate.m in Sources */ = {isa = PBXBuildFile; fileRef = 4031A18A196B475B000ACB81 /* AppDelegate.m */; };
		4031A18E196B475B000ACB81 /* ViewController.m in Sources */ = {isa = PBXBuildFile; fileRef = 4031A18D196B475B000ACB81 /* ViewController.m */; };
		4031A191196B475B000ACB81 /* Main.storyboard in Resources */ = {isa = PBXBuildFile; fileRef = 4031A18F196B475B000ACB81 /* Main.storyboard */; };
		4031A193196B475B000ACB81 /* Images.xcassets in Resources */ = {isa = PBXBuildFile; fileRef = 4031A192196B475B000ACB81 /* Images.xcassets */; };
		4031A1AA196B4786000ACB81 /* FlowLayoutWithStickyHeaders.m in Sources */ = {isa = PBXBuildFile; fileRef = 4031A1A9196B4786000ACB81 /* FlowLayoutWithStickyHeaders.m */; };
		4031A1AD196B47D3000ACB81 /* SectionHeader.m in Sources */ = {isa = PBXBuildFile; fileRef = 4031A1AC196B47D3000ACB81 /* SectionHeader.m */; };
		4031A1B0196B47E1000ACB81 /* DefaultCell.m in Sources */ = {isa = PBXBuildFile; fileRef = 4031A1AF196B47E1000ACB81 /* DefaultCell.m */; };
		40E329FC196D952200383F6A /* DifferentCell.m in Sources */ = {isa = PBXBuildFile; fileRef = 40E329FB196D952200383F6A /* DifferentCell.m */; };
/* End PBXBuildFile section */

/* Begin PBXContainerItemProxy section */
		4031A199196B475B000ACB81 /* PBXContainerItemProxy */ = {
			isa = PBXContainerItemProxy;
			containerPortal = 4031A17A196B475B000ACB81 /* Project object */;
			proxyType = 1;
			remoteGlobalIDString = 4031A181196B475B000ACB81;
			remoteInfo = CollectionViewDemos2;
		};
/* End PBXContainerItemProxy section */

/* Begin PBXFileReference section */
		4031A182196B475B000ACB81 /* CollectionViewDemos2.app */ = {isa = PBXFileReference; explicitFileType = wrapper.application; includeInIndex = 0; path = CollectionViewDemos2.app; sourceTree = BUILT_PRODUCTS_DIR; };
		4031A186196B475B000ACB81 /* Info.plist */ = {isa = PBXFileReference; lastKnownFileType = text.plist.xml; path = Info.plist; sourceTree = "<group>"; };
		4031A187196B475B000ACB81 /* main.m */ = {isa = PBXFileReference; lastKnownFileType = sourcecode.c.objc; path = main.m; sourceTree = "<group>"; };
		4031A189196B475B000ACB81 /* AppDelegate.h */ = {isa = PBXFileReference; lastKnownFileType = sourcecode.c.h; path = AppDelegate.h; sourceTree = "<group>"; };
		4031A18A196B475B000ACB81 /* AppDelegate.m */ = {isa = PBXFileReference; lastKnownFileType = sourcecode.c.objc; path = AppDelegate.m; sourceTree = "<group>"; };
		4031A18C196B475B000ACB81 /* ViewController.h */ = {isa = PBXFileReference; lastKnownFileType = sourcecode.c.h; path = ViewController.h; sourceTree = "<group>"; };
		4031A18D196B475B000ACB81 /* ViewController.m */ = {isa = PBXFileReference; lastKnownFileType = sourcecode.c.objc; path = ViewController.m; sourceTree = "<group>"; };
		4031A190196B475B000ACB81 /* Base */ = {isa = PBXFileReference; lastKnownFileType = file.storyboard; name = Base; path = Base.lproj/Main.storyboard; sourceTree = "<group>"; };
		4031A192196B475B000ACB81 /* Images.xcassets */ = {isa = PBXFileReference; lastKnownFileType = folder.assetcatalog; path = Images.xcassets; sourceTree = "<group>"; };
		4031A198196B475B000ACB81 /* CollectionViewDemos2Tests.xctest */ = {isa = PBXFileReference; explicitFileType = wrapper.cfbundle; includeInIndex = 0; path = CollectionViewDemos2Tests.xctest; sourceTree = BUILT_PRODUCTS_DIR; };
		4031A1A8196B4786000ACB81 /* FlowLayoutWithStickyHeaders.h */ = {isa = PBXFileReference; fileEncoding = 4; lastKnownFileType = sourcecode.c.h; path = FlowLayoutWithStickyHeaders.h; sourceTree = "<group>"; };
		4031A1A9196B4786000ACB81 /* FlowLayoutWithStickyHeaders.m */ = {isa = PBXFileReference; fileEncoding = 4; lastKnownFileType = sourcecode.c.objc; path = FlowLayoutWithStickyHeaders.m; sourceTree = "<group>"; };
		4031A1AB196B47D3000ACB81 /* SectionHeader.h */ = {isa = PBXFileReference; fileEncoding = 4; lastKnownFileType = sourcecode.c.h; path = SectionHeader.h; sourceTree = "<group>"; };
		4031A1AC196B47D3000ACB81 /* SectionHeader.m */ = {isa = PBXFileReference; fileEncoding = 4; lastKnownFileType = sourcecode.c.objc; path = SectionHeader.m; sourceTree = "<group>"; };
		4031A1AE196B47E1000ACB81 /* DefaultCell.h */ = {isa = PBXFileReference; fileEncoding = 4; lastKnownFileType = sourcecode.c.h; path = DefaultCell.h; sourceTree = "<group>"; };
		4031A1AF196B47E1000ACB81 /* DefaultCell.m */ = {isa = PBXFileReference; fileEncoding = 4; lastKnownFileType = sourcecode.c.objc; path = DefaultCell.m; sourceTree = "<group>"; };
		40E329FA196D952200383F6A /* DifferentCell.h */ = {isa = PBXFileReference; fileEncoding = 4; lastKnownFileType = sourcecode.c.h; path = DifferentCell.h; sourceTree = "<group>"; };
		40E329FB196D952200383F6A /* DifferentCell.m */ = {isa = PBXFileReference; fileEncoding = 4; lastKnownFileType = sourcecode.c.objc; path = DifferentCell.m; sourceTree = "<group>"; };
/* End PBXFileReference section */

/* Begin PBXFrameworksBuildPhase section */
		4031A17F196B475B000ACB81 /* Frameworks */ = {
			isa = PBXFrameworksBuildPhase;
			buildActionMask = 2147483647;
			files = (
			);
			runOnlyForDeploymentPostprocessing = 0;
		};
		4031A195196B475B000ACB81 /* Frameworks */ = {
			isa = PBXFrameworksBuildPhase;
			buildActionMask = 2147483647;
			files = (
			);
			runOnlyForDeploymentPostprocessing = 0;
		};
/* End PBXFrameworksBuildPhase section */

/* Begin PBXGroup section */
		4031A179196B475B000ACB81 = {
			isa = PBXGroup;
			children = (
				4031A184196B475B000ACB81 /* CollectionViewDemos2 */,
				4031A183196B475B000ACB81 /* Products */,
			);
			sourceTree = "<group>";
		};
		4031A183196B475B000ACB81 /* Products */ = {
			isa = PBXGroup;
			children = (
				4031A182196B475B000ACB81 /* CollectionViewDemos2.app */,
				4031A198196B475B000ACB81 /* CollectionViewDemos2Tests.xctest */,
			);
			name = Products;
			sourceTree = "<group>";
		};
		4031A184196B475B000ACB81 /* CollectionViewDemos2 */ = {
			isa = PBXGroup;
			children = (
				4031A1A8196B4786000ACB81 /* FlowLayoutWithStickyHeaders.h */,
				4031A1A9196B4786000ACB81 /* FlowLayoutWithStickyHeaders.m */,
				4031A189196B475B000ACB81 /* AppDelegate.h */,
				4031A18A196B475B000ACB81 /* AppDelegate.m */,
				4031A18C196B475B000ACB81 /* ViewController.h */,
				4031A18D196B475B000ACB81 /* ViewController.m */,
				4031A18F196B475B000ACB81 /* Main.storyboard */,
				40E329FA196D952200383F6A /* DifferentCell.h */,
				40E329FB196D952200383F6A /* DifferentCell.m */,
				4031A1AB196B47D3000ACB81 /* SectionHeader.h */,
				4031A1AC196B47D3000ACB81 /* SectionHeader.m */,
				4031A1AE196B47E1000ACB81 /* DefaultCell.h */,
				4031A1AF196B47E1000ACB81 /* DefaultCell.m */,
				4031A192196B475B000ACB81 /* Images.xcassets */,
				4031A185196B475B000ACB81 /* Supporting Files */,
			);
			path = CollectionViewDemos2;
			sourceTree = "<group>";
		};
		4031A185196B475B000ACB81 /* Supporting Files */ = {
			isa = PBXGroup;
			children = (
				4031A186196B475B000ACB81 /* Info.plist */,
				4031A187196B475B000ACB81 /* main.m */,
			);
			name = "Supporting Files";
			sourceTree = "<group>";
		};
/* End PBXGroup section */

/* Begin PBXNativeTarget section */
		4031A181196B475B000ACB81 /* CollectionViewDemos2 */ = {
			isa = PBXNativeTarget;
			buildConfigurationList = 4031A1A2196B475B000ACB81 /* Build configuration list for PBXNativeTarget "CollectionViewDemos2" */;
			buildPhases = (
				4031A17E196B475B000ACB81 /* Sources */,
				4031A17F196B475B000ACB81 /* Frameworks */,
				4031A180196B475B000ACB81 /* Resources */,
			);
			buildRules = (
			);
			dependencies = (
			);
			name = CollectionViewDemos2;
			productName = CollectionViewDemos2;
			productReference = 4031A182196B475B000ACB81 /* CollectionViewDemos2.app */;
			productType = "com.apple.product-type.application";
		};
		4031A197196B475B000ACB81 /* CollectionViewDemos2Tests */ = {
			isa = PBXNativeTarget;
			buildConfigurationList = 4031A1A5196B475B000ACB81 /* Build configuration list for PBXNativeTarget "CollectionViewDemos2Tests" */;
			buildPhases = (
				4031A194196B475B000ACB81 /* Sources */,
				4031A195196B475B000ACB81 /* Frameworks */,
				4031A196196B475B000ACB81 /* Resources */,
			);
			buildRules = (
			);
			dependencies = (
				4031A19A196B475B000ACB81 /* PBXTargetDependency */,
			);
			name = CollectionViewDemos2Tests;
			productName = CollectionViewDemos2Tests;
			productReference = 4031A198196B475B000ACB81 /* CollectionViewDemos2Tests.xctest */;
			productType = "com.apple.product-type.bundle.unit-test";
		};
/* End PBXNativeTarget section */

/* Begin PBXProject section */
		4031A17A196B475B000ACB81 /* Project object */ = {
			isa = PBXProject;
			attributes = {
				LastUpgradeCheck = 0600;
				ORGANIZATIONNAME = "Tim Heuer";
				TargetAttributes = {
					4031A181196B475B000ACB81 = {
						CreatedOnToolsVersion = 6.0;
					};
					4031A197196B475B000ACB81 = {
						CreatedOnToolsVersion = 6.0;
						TestTargetID = 4031A181196B475B000ACB81;
					};
				};
			};
			buildConfigurationList = 4031A17D196B475B000ACB81 /* Build configuration list for PBXProject "CollectionViewDemos2" */;
			compatibilityVersion = "Xcode 3.2";
			developmentRegion = English;
			hasScannedForEncodings = 0;
			knownRegions = (
				en,
				Base,
			);
			mainGroup = 4031A179196B475B000ACB81;
			productRefGroup = 4031A183196B475B000ACB81 /* Products */;
			projectDirPath = "";
			projectRoot = "";
			targets = (
				4031A181196B475B000ACB81 /* CollectionViewDemos2 */,
				4031A197196B475B000ACB81 /* CollectionViewDemos2Tests */,
			);
		};
/* End PBXProject section */

/* Begin PBXResourcesBuildPhase section */
		4031A180196B475B000ACB81 /* Resources */ = {
			isa = PBXResourcesBuildPhase;
			buildActionMask = 2147483647;
			files = (
				4031A191196B475B000ACB81 /* Main.storyboard in Resources */,
				4031A193196B475B000ACB81 /* Images.xcassets in Resources */,
			);
			runOnlyForDeploymentPostprocessing = 0;
		};
		4031A196196B475B000ACB81 /* Resources */ = {
			isa = PBXResourcesBuildPhase;
			buildActionMask = 2147483647;
			files = (
			);
			runOnlyForDeploymentPostprocessing = 0;
		};
/* End PBXResourcesBuildPhase section */

/* Begin PBXSourcesBuildPhase section */
		4031A17E196B475B000ACB81 /* Sources */ = {
			isa = PBXSourcesBuildPhase;
			buildActionMask = 2147483647;
			files = (
				4031A1AD196B47D3000ACB81 /* SectionHeader.m in Sources */,
				4031A1B0196B47E1000ACB81 /* DefaultCell.m in Sources */,
				4031A18E196B475B000ACB81 /* ViewController.m in Sources */,
				40E329FC196D952200383F6A /* DifferentCell.m in Sources */,
				4031A1AA196B4786000ACB81 /* FlowLayoutWithStickyHeaders.m in Sources */,
				4031A18B196B475B000ACB81 /* AppDelegate.m in Sources */,
				4031A188196B475B000ACB81 /* main.m in Sources */,
			);
			runOnlyForDeploymentPostprocessing = 0;
		};
		4031A194196B475B000ACB81 /* Sources */ = {
			isa = PBXSourcesBuildPhase;
			buildActionMask = 2147483647;
			files = (
			);
			runOnlyForDeploymentPostprocessing = 0;
		};
/* End PBXSourcesBuildPhase section */

/* Begin PBXTargetDependency section */
		4031A19A196B475B000ACB81 /* PBXTargetDependency */ = {
			isa = PBXTargetDependency;
			target = 4031A181196B475B000ACB81 /* CollectionViewDemos2 */;
			targetProxy = 4031A199196B475B000ACB81 /* PBXContainerItemProxy */;
		};
/* End PBXTargetDependency section */

/* Begin PBXVariantGroup section */
		4031A18F196B475B000ACB81 /* Main.storyboard */ = {
			isa = PBXVariantGroup;
			children = (
				4031A190196B475B000ACB81 /* Base */,
			);
			name = Main.storyboard;
			sourceTree = "<group>";
		};
/* End PBXVariantGroup section */

/* Begin XCBuildConfiguration section */
		4031A1A0196B475B000ACB81 /* Debug */ = {
			isa = XCBuildConfiguration;
			buildSettings = {
				ALWAYS_SEARCH_USER_PATHS = NO;
				CLANG_CXX_LANGUAGE_STANDARD = "gnu++0x";
				CLANG_CXX_LIBRARY = "libc++";
				CLANG_ENABLE_MODULES = YES;
				CLANG_ENABLE_OBJC_ARC = YES;
				CLANG_WARN_BOOL_CONVERSION = YES;
				CLANG_WARN_CONSTANT_CONVERSION = YES;
				CLANG_WARN_DIRECT_OBJC_ISA_USAGE = YES_ERROR;
				CLANG_WARN_EMPTY_BODY = YES;
				CLANG_WARN_ENUM_CONVERSION = YES;
				CLANG_WARN_INT_CONVERSION = YES;
				CLANG_WARN_OBJC_ROOT_CLASS = YES_ERROR;
				CLANG_WARN_UNREACHABLE_CODE = YES;
				CLANG_WARN__DUPLICATE_METHOD_MATCH = YES;
				"CODE_SIGN_IDENTITY[sdk=iphoneos*]" = "iPhone Developer";
				COPY_PHASE_STRIP = NO;
				ENABLE_STRICT_OBJC_MSGSEND = YES;
				GCC_C_LANGUAGE_STANDARD = gnu99;
				GCC_DYNAMIC_NO_PIC = NO;
				GCC_OPTIMIZATION_LEVEL = 0;
				GCC_PREPROCESSOR_DEFINITIONS = (
					"DEBUG=1",
					"$(inherited)",
				);
				GCC_SYMBOLS_PRIVATE_EXTERN = NO;
				GCC_WARN_64_TO_32_BIT_CONVERSION = YES;
				GCC_WARN_ABOUT_RETURN_TYPE = YES_ERROR;
				GCC_WARN_UNDECLARED_SELECTOR = YES;
				GCC_WARN_UNINITIALIZED_AUTOS = YES_AGGRESSIVE;
				GCC_WARN_UNUSED_FUNCTION = YES;
				GCC_WARN_UNUSED_VARIABLE = YES;
				IPHONEOS_DEPLOYMENT_TARGET = 8.0;
				METAL_ENABLE_DEBUG_INFO = YES;
				ONLY_ACTIVE_ARCH = YES;
				SDKROOT = iphoneos;
				TARGETED_DEVICE_FAMILY = "1,2";
			};
			name = Debug;
		};
		4031A1A1196B475B000ACB81 /* Release */ = {
			isa = XCBuildConfiguration;
			buildSettings = {
				ALWAYS_SEARCH_USER_PATHS = NO;
				CLANG_CXX_LANGUAGE_STANDARD = "gnu++0x";
				CLANG_CXX_LIBRARY = "libc++";
				CLANG_ENABLE_MODULES = YES;
				CLANG_ENABLE_OBJC_ARC = YES;
				CLANG_WARN_BOOL_CONVERSION = YES;
				CLANG_WARN_CONSTANT_CONVERSION = YES;
				CLANG_WARN_DIRECT_OBJC_ISA_USAGE = YES_ERROR;
				CLANG_WARN_EMPTY_BODY = YES;
				CLANG_WARN_ENUM_CONVERSION = YES;
				CLANG_WARN_INT_CONVERSION = YES;
				CLANG_WARN_OBJC_ROOT_CLASS = YES_ERROR;
				CLANG_WARN_UNREACHABLE_CODE = YES;
				CLANG_WARN__DUPLICATE_METHOD_MATCH = YES;
				"CODE_SIGN_IDENTITY[sdk=iphoneos*]" = "iPhone Developer";
				COPY_PHASE_STRIP = YES;
				ENABLE_NS_ASSERTIONS = NO;
				ENABLE_STRICT_OBJC_MSGSEND = YES;
				GCC_C_LANGUAGE_STANDARD = gnu99;
				GCC_WARN_64_TO_32_BIT_CONVERSION = YES;
				GCC_WARN_ABOUT_RETURN_TYPE = YES_ERROR;
				GCC_WARN_UNDECLARED_SELECTOR = YES;
				GCC_WARN_UNINITIALIZED_AUTOS = YES_AGGRESSIVE;
				GCC_WARN_UNUSED_FUNCTION = YES;
				GCC_WARN_UNUSED_VARIABLE = YES;
				IPHONEOS_DEPLOYMENT_TARGET = 8.0;
				METAL_ENABLE_DEBUG_INFO = NO;
				SDKROOT = iphoneos;
				TARGETED_DEVICE_FAMILY = "1,2";
				VALIDATE_PRODUCT = YES;
			};
			name = Release;
		};
		4031A1A3196B475B000ACB81 /* Debug */ = {
			isa = XCBuildConfiguration;
			buildSettings = {
				ASSETCATALOG_COMPILER_APPICON_NAME = AppIcon;
				ASSETCATALOG_COMPILER_LAUNCHIMAGE_NAME = LaunchImage;
				INFOPLIST_FILE = CollectionViewDemos2/Info.plist;
				LD_RUNPATH_SEARCH_PATHS = "$(inherited) @executable_path/Frameworks";
				PRODUCT_NAME = "$(TARGET_NAME)";
			};
			name = Debug;
		};
		4031A1A4196B475B000ACB81 /* Release */ = {
			isa = XCBuildConfiguration;
			buildSettings = {
				ASSETCATALOG_COMPILER_APPICON_NAME = AppIcon;
				ASSETCATALOG_COMPILER_LAUNCHIMAGE_NAME = LaunchImage;
				INFOPLIST_FILE = CollectionViewDemos2/Info.plist;
				LD_RUNPATH_SEARCH_PATHS = "$(inherited) @executable_path/Frameworks";
				PRODUCT_NAME = "$(TARGET_NAME)";
			};
			name = Release;
		};
		4031A1A6196B475B000ACB81 /* Debug */ = {
			isa = XCBuildConfiguration;
			buildSettings = {
				BUNDLE_LOADER = "$(BUILT_PRODUCTS_DIR)/CollectionViewDemos2.app/CollectionViewDemos2";
				FRAMEWORK_SEARCH_PATHS = (
					"$(SDKROOT)/Developer/Library/Frameworks",
					"$(inherited)",
				);
				GCC_PREPROCESSOR_DEFINITIONS = (
					"DEBUG=1",
					"$(inherited)",
				);
				INFOPLIST_FILE = CollectionViewDemos2Tests/Info.plist;
				LD_RUNPATH_SEARCH_PATHS = "$(inherited) @executable_path/Frameworks @loader_path/Frameworks";
				METAL_ENABLE_DEBUG_INFO = YES;
				PRODUCT_NAME = "$(TARGET_NAME)";
				TEST_HOST = "$(BUNDLE_LOADER)";
			};
			name = Debug;
		};
		4031A1A7196B475B000ACB81 /* Release */ = {
			isa = XCBuildConfiguration;
			buildSettings = {
				BUNDLE_LOADER = "$(BUILT_PRODUCTS_DIR)/CollectionViewDemos2.app/CollectionViewDemos2";
				FRAMEWORK_SEARCH_PATHS = (
					"$(SDKROOT)/Developer/Library/Frameworks",
					"$(inherited)",
				);
				INFOPLIST_FILE = CollectionViewDemos2Tests/Info.plist;
				LD_RUNPATH_SEARCH_PATHS = "$(inherited) @executable_path/Frameworks @loader_path/Frameworks";
				METAL_ENABLE_DEBUG_INFO = NO;
				PRODUCT_NAME = "$(TARGET_NAME)";
				TEST_HOST = "$(BUNDLE_LOADER)";
			};
			name = Release;
		};
/* End XCBuildConfiguration section */

/* Begin XCConfigurationList section */
		4031A17D196B475B000ACB81 /* Build configuration list for PBXProject "CollectionViewDemos2" */ = {
			isa = XCConfigurationList;
			buildConfigurations = (
				4031A1A0196B475B000ACB81 /* Debug */,
				4031A1A1196B475B000ACB81 /* Release */,
			);
			defaultConfigurationIsVisible = 0;
			defaultConfigurationName = Release;
		};
		4031A1A2196B475B000ACB81 /* Build configuration list for PBXNativeTarget "CollectionViewDemos2" */ = {
			isa = XCConfigurationList;
			buildConfigurations = (
				4031A1A3196B475B000ACB81 /* Debug */,
				4031A1A4196B475B000ACB81 /* Release */,
			);
			defaultConfigurationIsVisible = 0;
			defaultConfigurationName = Release;
		};
		4031A1A5196B475B000ACB81 /* Build configuration list for PBXNativeTarget "CollectionViewDemos2Tests" */ = {
			isa = XCConfigurationList;
			buildConfigurations = (
				4031A1A6196B475B000ACB81 /* Debug */,
				4031A1A7196B475B000ACB81 /* Release */,
			);
			defaultConfigurationIsVisible = 0;
			defaultConfigurationName = Release;
		};
/* End XCConfigurationList section */
	};
	rootObject = 4031A17A196B475B000ACB81 /* Project object */;
}
